
Microsoft Visual Studio Solution File, Format Version 12.00
# Visual Studio Version 17
VisualStudioVersion = 17.10.35122.118
MinimumVisualStudioVersion = 10.0.40219.1
Project("{9A19103F-16F7-4668-BE54-9A1E7A4F7556}") = "Challenge.Api", "Challenge.Api\Challenge.Api.csproj", "{8B228064-ED70-4189-B209-5F5793B665A3}"
EndProject
Project("{9A19103F-16F7-4668-BE54-9A1E7A4F7556}") = "Challenge.Domain", "Challenge.Domain\Challenge.Domain.csproj", "{251A6F56-9B08-47AE-81B1-452F6B472376}"
EndProject
Project("{9A19103F-16F7-4668-BE54-9A1E7A4F7556}") = "Challenge.Domain.UnitTest", "Challenge.Domain.UnitTest\Challenge.Domain.UnitTest.csproj", "{1FC4A703-776F-459B-8F86-B457116A271D}"
EndProject
Project("{FAE04EC0-301F-11D3-BF4B-00C04F79EFBC}") = "Challenge.Application", "Challenge.Application\Challenge.Application.csproj", "{8F20AC28-99ED-4BC5-AE8F-F8A6EC49E8CF}"
EndProject
Global
	GlobalSection(SolutionConfigurationPlatforms) = preSolution
		Debug|Any CPU = Debug|Any CPU
		Release|Any CPU = Release|Any CPU
	EndGlobalSection
	GlobalSection(ProjectConfigurationPlatforms) = postSolution
		{8B228064-ED70-4189-B209-5F5793B665A3}.Debug|Any CPU.ActiveCfg = Debug|Any CPU
		{8B228064-ED70-4189-B209-5F5793B665A3}.Debug|Any CPU.Build.0 = Debug|Any CPU
		{8B228064-ED70-4189-B209-5F5793B665A3}.Release|Any CPU.ActiveCfg = Release|Any CPU
		{8B228064-ED70-4189-B209-5F5793B665A3}.Release|Any CPU.Build.0 = Release|Any CPU
		{251A6F56-9B08-47AE-81B1-452F6B472376}.Debug|Any CPU.ActiveCfg = Debug|Any CPU
		{251A6F56-9B08-47AE-81B1-452F6B472376}.Debug|Any CPU.Build.0 = Debug|Any CPU
		{251A6F56-9B08-47AE-81B1-452F6B472376}.Release|Any CPU.ActiveCfg = Release|Any CPU
		{251A6F56-9B08-47AE-81B1-452F6B472376}.Release|Any CPU.Build.0 = Release|Any CPU
		{1FC4A703-776F-459B-8F86-B457116A271D}.Debug|Any CPU.ActiveCfg = Debug|Any CPU
		{1FC4A703-776F-459B-8F86-B457116A271D}.Debug|Any CPU.Build.0 = Debug|Any CPU
		{1FC4A703-776F-459B-8F86-B457116A271D}.Release|Any CPU.ActiveCfg = Release|Any CPU
		{1FC4A703-776F-459B-8F86-B457116A271D}.Release|Any CPU.Build.0 = Release|Any CPU
		{8F20AC28-99ED-4BC5-AE8F-F8A6EC49E8CF}.Debug|Any CPU.ActiveCfg = Debug|Any CPU
		{8F20AC28-99ED-4BC5-AE8F-F8A6EC49E8CF}.Debug|Any CPU.Build.0 = Debug|Any CPU
		{8F20AC28-99ED-4BC5-AE8F-F8A6EC49E8CF}.Release|Any CPU.ActiveCfg = Release|Any CPU
		{8F20AC28-99ED-4BC5-AE8F-F8A6EC49E8CF}.Release|Any CPU.Build.0 = Release|Any CPU
	EndGlobalSection
	GlobalSection(SolutionProperties) = preSolution
		HideSolutionNode = FALSE
	EndGlobalSection
	GlobalSection(ExtensibilityGlobals) = postSolution
		SolutionGuid = {A087C207-FC38-4D1C-BDCE-242FE61E99D3}
	EndGlobalSection
EndGlobal
